
Microsoft Visual Studio Solution File, Format Version 12.00
# Visual Studio Version 17
VisualStudioVersion = 17.2.32616.157
MinimumVisualStudioVersion = 10.0.40219.1
Project("{9A19103F-16F7-4668-BE54-9A1E7A4F7556}") = "API", "API\API.csproj", "{A28E090E-79CA-4DDD-96DB-A83582889B4F}"
EndProject
Project("{9A19103F-16F7-4668-BE54-9A1E7A4F7556}") = "BackgroundJobs", "BackgroundJobs\BackgroundJobs.csproj", "{776B11F6-FF32-49B3-9C55-7F8C0CCD8AEC}"
EndProject
Project("{9A19103F-16F7-4668-BE54-9A1E7A4F7556}") = "Test", "Test\Test.csproj", "{AD58A116-C40C-4388-BC05-DBEB4A9940BA}"
EndProject
Project("{9A19103F-16F7-4668-BE54-9A1E7A4F7556}") = "Business", "Business\Business.csproj", "{237D1C93-139C-457F-A261-84643E5DDEE4}"
EndProject
Project("{9A19103F-16F7-4668-BE54-9A1E7A4F7556}") = "DAL", "DAL\DAL.csproj", "{482E44E7-7511-432E-B64A-56292153CCAB}"
EndProject
Project("{9A19103F-16F7-4668-BE54-9A1E7A4F7556}") = "DTO", "DTO\DTO.csproj", "{C70BD042-6464-4DF3-BC94-AF17A1E92294}"
EndProject
Project("{9A19103F-16F7-4668-BE54-9A1E7A4F7556}") = "Models", "Models\Models.csproj", "{63177A10-CAC5-4EF0-ABB2-0FA30170C5E5}"
EndProject
Global
	GlobalSection(SolutionConfigurationPlatforms) = preSolution
		Debug|Any CPU = Debug|Any CPU
		Release|Any CPU = Release|Any CPU
	EndGlobalSection
	GlobalSection(ProjectConfigurationPlatforms) = postSolution
		{A28E090E-79CA-4DDD-96DB-A83582889B4F}.Debug|Any CPU.ActiveCfg = Debug|Any CPU
		{A28E090E-79CA-4DDD-96DB-A83582889B4F}.Debug|Any CPU.Build.0 = Debug|Any CPU
		{A28E090E-79CA-4DDD-96DB-A83582889B4F}.Release|Any CPU.ActiveCfg = Release|Any CPU
		{A28E090E-79CA-4DDD-96DB-A83582889B4F}.Release|Any CPU.Build.0 = Release|Any CPU
		{776B11F6-FF32-49B3-9C55-7F8C0CCD8AEC}.Debug|Any CPU.ActiveCfg = Debug|Any CPU
		{776B11F6-FF32-49B3-9C55-7F8C0CCD8AEC}.Debug|Any CPU.Build.0 = Debug|Any CPU
		{776B11F6-FF32-49B3-9C55-7F8C0CCD8AEC}.Release|Any CPU.ActiveCfg = Release|Any CPU
		{776B11F6-FF32-49B3-9C55-7F8C0CCD8AEC}.Release|Any CPU.Build.0 = Release|Any CPU
		{AD58A116-C40C-4388-BC05-DBEB4A9940BA}.Debug|Any CPU.ActiveCfg = Debug|Any CPU
		{AD58A116-C40C-4388-BC05-DBEB4A9940BA}.Debug|Any CPU.Build.0 = Debug|Any CPU
		{AD58A116-C40C-4388-BC05-DBEB4A9940BA}.Release|Any CPU.ActiveCfg = Release|Any CPU
		{AD58A116-C40C-4388-BC05-DBEB4A9940BA}.Release|Any CPU.Build.0 = Release|Any CPU
		{237D1C93-139C-457F-A261-84643E5DDEE4}.Debug|Any CPU.ActiveCfg = Debug|Any CPU
		{237D1C93-139C-457F-A261-84643E5DDEE4}.Debug|Any CPU.Build.0 = Debug|Any CPU
		{237D1C93-139C-457F-A261-84643E5DDEE4}.Release|Any CPU.ActiveCfg = Release|Any CPU
		{237D1C93-139C-457F-A261-84643E5DDEE4}.Release|Any CPU.Build.0 = Release|Any CPU
		{482E44E7-7511-432E-B64A-56292153CCAB}.Debug|Any CPU.ActiveCfg = Debug|Any CPU
		{482E44E7-7511-432E-B64A-56292153CCAB}.Debug|Any CPU.Build.0 = Debug|Any CPU
		{482E44E7-7511-432E-B64A-56292153CCAB}.Release|Any CPU.ActiveCfg = Release|Any CPU
		{482E44E7-7511-432E-B64A-56292153CCAB}.Release|Any CPU.Build.0 = Release|Any CPU
		{C70BD042-6464-4DF3-BC94-AF17A1E92294}.Debug|Any CPU.ActiveCfg = Debug|Any CPU
		{C70BD042-6464-4DF3-BC94-AF17A1E92294}.Debug|Any CPU.Build.0 = Debug|Any CPU
		{C70BD042-6464-4DF3-BC94-AF17A1E92294}.Release|Any CPU.ActiveCfg = Release|Any CPU
		{C70BD042-6464-4DF3-BC94-AF17A1E92294}.Release|Any CPU.Build.0 = Release|Any CPU
		{63177A10-CAC5-4EF0-ABB2-0FA30170C5E5}.Debug|Any CPU.ActiveCfg = Debug|Any CPU
		{63177A10-CAC5-4EF0-ABB2-0FA30170C5E5}.Debug|Any CPU.Build.0 = Debug|Any CPU
		{63177A10-CAC5-4EF0-ABB2-0FA30170C5E5}.Release|Any CPU.ActiveCfg = Release|Any CPU
		{63177A10-CAC5-4EF0-ABB2-0FA30170C5E5}.Release|Any CPU.Build.0 = Release|Any CPU
	EndGlobalSection
	GlobalSection(SolutionProperties) = preSolution
		HideSolutionNode = FALSE
	EndGlobalSection
	GlobalSection(ExtensibilityGlobals) = postSolution
		SolutionGuid = {0DC3748C-14D5-442C-A309-07E6EEA56B68}
	EndGlobalSection
EndGlobal
